
Microsoft Visual Studio Solution File, Format Version 12.00
# Visual Studio Version 17
VisualStudioVersion = 17.1.32228.430
MinimumVisualStudioVersion = 10.0.40219.1
Project("{FAE04EC0-301F-11D3-BF4B-00C04F79EFBC}") = "TPFinalLabo4", "TPFinalLabo4\TPFinalLabo4.csproj", "{79E95C30-4EB7-4AD9-8483-9A1E49CA4CE2}"
EndProject
Global
	GlobalSection(SolutionConfigurationPlatforms) = preSolution
		Debug|Any CPU = Debug|Any CPU
		Release|Any CPU = Release|Any CPU
	EndGlobalSection
	GlobalSection(ProjectConfigurationPlatforms) = postSolution
		{79E95C30-4EB7-4AD9-8483-9A1E49CA4CE2}.Debug|Any CPU.ActiveCfg = Debug|Any CPU
		{79E95C30-4EB7-4AD9-8483-9A1E49CA4CE2}.Debug|Any CPU.Build.0 = Debug|Any CPU
		{79E95C30-4EB7-4AD9-8483-9A1E49CA4CE2}.Release|Any CPU.ActiveCfg = Release|Any CPU
		{79E95C30-4EB7-4AD9-8483-9A1E49CA4CE2}.Release|Any CPU.Build.0 = Release|Any CPU
	EndGlobalSection
	GlobalSection(SolutionProperties) = preSolution
		HideSolutionNode = FALSE
	EndGlobalSection
	GlobalSection(ExtensibilityGlobals) = postSolution
		SolutionGuid = {33621065-C284-4C1A-B327-820E6CF6FF81}
	EndGlobalSection
EndGlobal
